
Microsoft Visual Studio Solution File, Format Version 12.00
# Visual Studio 15
VisualStudioVersion = 15.0.28307.1401
MinimumVisualStudioVersion = 10.0.40219.1
Project("{FAE04EC0-301F-11D3-BF4B-00C04F79EFBC}") = "MyFirstPgm", "MyFirstPgm\MyFirstPgm.csproj", "{EF9722B6-1F5E-404C-86FB-03ABFDB50D7C}"
EndProject
Global
	GlobalSection(SolutionConfigurationPlatforms) = preSolution
		Debug|Any CPU = Debug|Any CPU
		Release|Any CPU = Release|Any CPU
	EndGlobalSection
	GlobalSection(ProjectConfigurationPlatforms) = postSolution
		{EF9722B6-1F5E-404C-86FB-03ABFDB50D7C}.Debug|Any CPU.ActiveCfg = Debug|Any CPU
		{EF9722B6-1F5E-404C-86FB-03ABFDB50D7C}.Debug|Any CPU.Build.0 = Debug|Any CPU
		{EF9722B6-1F5E-404C-86FB-03ABFDB50D7C}.Release|Any CPU.ActiveCfg = Release|Any CPU
		{EF9722B6-1F5E-404C-86FB-03ABFDB50D7C}.Release|Any CPU.Build.0 = Release|Any CPU
	EndGlobalSection
	GlobalSection(SolutionProperties) = preSolution
		HideSolutionNode = FALSE
	EndGlobalSection
	GlobalSection(ExtensibilityGlobals) = postSolution
		SolutionGuid = {7E0F9A8F-E1C1-43BE-9C00-AA4E70856528}
	EndGlobalSection
EndGlobal
