
Microsoft Visual Studio Solution File, Format Version 12.00
# Visual Studio Version 17
VisualStudioVersion = 17.8.34511.84
MinimumVisualStudioVersion = 10.0.40219.1
Project("{FAE04EC0-301F-11D3-BF4B-00C04F79EFBC}") = "HexDumper", "HexDumper.csproj", "{3566750B-34B6-43B3-B512-2FD3CF86B978}"
EndProject
Global
	GlobalSection(SolutionConfigurationPlatforms) = preSolution
		Debug|Any CPU = Debug|Any CPU
		Release|Any CPU = Release|Any CPU
	EndGlobalSection
	GlobalSection(ProjectConfigurationPlatforms) = postSolution
		{3566750B-34B6-43B3-B512-2FD3CF86B978}.Debug|Any CPU.ActiveCfg = Debug|Any CPU
		{3566750B-34B6-43B3-B512-2FD3CF86B978}.Debug|Any CPU.Build.0 = Debug|Any CPU
		{3566750B-34B6-43B3-B512-2FD3CF86B978}.Release|Any CPU.ActiveCfg = Release|Any CPU
		{3566750B-34B6-43B3-B512-2FD3CF86B978}.Release|Any CPU.Build.0 = Release|Any CPU
	EndGlobalSection
	GlobalSection(SolutionProperties) = preSolution
		HideSolutionNode = FALSE
	EndGlobalSection
	GlobalSection(ExtensibilityGlobals) = postSolution
		SolutionGuid = {44FD7013-92B2-48DE-8F63-58A301139267}
	EndGlobalSection
EndGlobal
