
Microsoft Visual Studio Solution File, Format Version 12.00
# Visual Studio 15
VisualStudioVersion = 15.0.28307.1169
MinimumVisualStudioVersion = 10.0.40219.1
Project("{FAE04EC0-301F-11D3-BF4B-00C04F79EFBC}") = "PartyPlanner2", "PartyPlanner2\PartyPlanner2.csproj", "{0CF76D0D-30AD-4840-8546-44BC4909DEC6}"
EndProject
Global
	GlobalSection(SolutionConfigurationPlatforms) = preSolution
		Debug|Any CPU = Debug|Any CPU
		Release|Any CPU = Release|Any CPU
	EndGlobalSection
	GlobalSection(ProjectConfigurationPlatforms) = postSolution
		{0CF76D0D-30AD-4840-8546-44BC4909DEC6}.Debug|Any CPU.ActiveCfg = Debug|Any CPU
		{0CF76D0D-30AD-4840-8546-44BC4909DEC6}.Debug|Any CPU.Build.0 = Debug|Any CPU
		{0CF76D0D-30AD-4840-8546-44BC4909DEC6}.Release|Any CPU.ActiveCfg = Release|Any CPU
		{0CF76D0D-30AD-4840-8546-44BC4909DEC6}.Release|Any CPU.Build.0 = Release|Any CPU
	EndGlobalSection
	GlobalSection(SolutionProperties) = preSolution
		HideSolutionNode = FALSE
	EndGlobalSection
	GlobalSection(ExtensibilityGlobals) = postSolution
		SolutionGuid = {5187AE47-7D43-4238-BAD5-19C26EFFC2E9}
	EndGlobalSection
EndGlobal
