
Microsoft Visual Studio Solution File, Format Version 12.00
# Visual Studio 15
VisualStudioVersion = 15.0.28307.1169
MinimumVisualStudioVersion = 10.0.40219.1
Project("{FAE04EC0-301F-11D3-BF4B-00C04F79EFBC}") = "Beehive", "Beehive\Beehive.csproj", "{6C7A9715-9AAF-4215-B7BD-0E020A74F22D}"
EndProject
Global
	GlobalSection(SolutionConfigurationPlatforms) = preSolution
		Debug|Any CPU = Debug|Any CPU
		Release|Any CPU = Release|Any CPU
	EndGlobalSection
	GlobalSection(ProjectConfigurationPlatforms) = postSolution
		{6C7A9715-9AAF-4215-B7BD-0E020A74F22D}.Debug|Any CPU.ActiveCfg = Debug|Any CPU
		{6C7A9715-9AAF-4215-B7BD-0E020A74F22D}.Debug|Any CPU.Build.0 = Debug|Any CPU
		{6C7A9715-9AAF-4215-B7BD-0E020A74F22D}.Release|Any CPU.ActiveCfg = Release|Any CPU
		{6C7A9715-9AAF-4215-B7BD-0E020A74F22D}.Release|Any CPU.Build.0 = Release|Any CPU
	EndGlobalSection
	GlobalSection(SolutionProperties) = preSolution
		HideSolutionNode = FALSE
	EndGlobalSection
	GlobalSection(ExtensibilityGlobals) = postSolution
		SolutionGuid = {CD1709FC-CAF9-4DAE-B09C-314ED4FAE5EB}
	EndGlobalSection
EndGlobal
