
Microsoft Visual Studio Solution File, Format Version 12.00
# Visual Studio 15
VisualStudioVersion = 15.0.28307.1169
MinimumVisualStudioVersion = 10.0.40219.1
Project("{FAE04EC0-301F-11D3-BF4B-00C04F79EFBC}") = "HouseOld", "House\HouseOld.csproj", "{016BD4D2-F279-4593-A328-25EC1534DD0C}"
EndProject
Global
	GlobalSection(SolutionConfigurationPlatforms) = preSolution
		Debug|Any CPU = Debug|Any CPU
		Release|Any CPU = Release|Any CPU
	EndGlobalSection
	GlobalSection(ProjectConfigurationPlatforms) = postSolution
		{016BD4D2-F279-4593-A328-25EC1534DD0C}.Debug|Any CPU.ActiveCfg = Debug|Any CPU
		{016BD4D2-F279-4593-A328-25EC1534DD0C}.Debug|Any CPU.Build.0 = Debug|Any CPU
		{016BD4D2-F279-4593-A328-25EC1534DD0C}.Release|Any CPU.ActiveCfg = Release|Any CPU
		{016BD4D2-F279-4593-A328-25EC1534DD0C}.Release|Any CPU.Build.0 = Release|Any CPU
	EndGlobalSection
	GlobalSection(SolutionProperties) = preSolution
		HideSolutionNode = FALSE
	EndGlobalSection
	GlobalSection(ExtensibilityGlobals) = postSolution
		SolutionGuid = {5CB9EAEB-3799-4097-8EF6-06168062F715}
	EndGlobalSection
EndGlobal
